
Microsoft Visual Studio Solution File, Format Version 12.00
# Visual Studio 15
VisualStudioVersion = 15.0.27428.2043
MinimumVisualStudioVersion = 10.0.40219.1
Project("{9A19103F-16F7-4668-BE54-9A1E7A4F7556}") = "VedSoft.API", "VedSoft.API\VedSoft.API.csproj", "{4E9A4EF4-E4B0-4BE6-AF49-E4651FFAC7C3}"
EndProject
Project("{9A19103F-16F7-4668-BE54-9A1E7A4F7556}") = "VedSoft.Model", "VedSoft.Model\VedSoft.Model.csproj", "{7BAFFDBE-018A-450C-A532-701452C60CC6}"
EndProject
Project("{9A19103F-16F7-4668-BE54-9A1E7A4F7556}") = "VedSoft.Business.Engine", "VedSoft.Business.Engine\VedSoft.Business.Engine.csproj", "{6682357F-95DD-42D5-8596-6923C8971421}"
EndProject
Project("{9A19103F-16F7-4668-BE54-9A1E7A4F7556}") = "VedSoft.Business", "VedSoft.Business\VedSoft.Business.csproj", "{415DFD93-F70D-4C04-9DBB-7A879FFFBDB0}"
EndProject
Project("{9A19103F-16F7-4668-BE54-9A1E7A4F7556}") = "VedSoft.Logger", "VedSoft.Logger\VedSoft.Logger.csproj", "{A2C8ED25-874B-4BD7-8FFB-7FD2BB4CBE92}"
EndProject
Project("{9A19103F-16F7-4668-BE54-9A1E7A4F7556}") = "VedSoft.Utility", "VedSoft.Utility\VedSoft.Utility.csproj", "{D7A1AC38-CF36-4D39-95E4-90CA5EA85F9D}"
EndProject
Project("{9A19103F-16F7-4668-BE54-9A1E7A4F7556}") = "VedSoft.Data.Contracts", "VedSoft.Data.Contracts\VedSoft.Data.Contracts.csproj", "{999D05C1-22DB-4302-AC9D-84BFAC5A635D}"
EndProject
Project("{9A19103F-16F7-4668-BE54-9A1E7A4F7556}") = "VedSoft.Data.Repository", "VedSoft.Data.Repository\VedSoft.Data.Repository.csproj", "{EF8F1D9B-E345-4772-AE9C-7D409CED2C54}"
EndProject
Project("{2150E333-8FDC-42A3-9474-1A3956D46DE8}") = "Business", "Business", "{EC9206A9-0E1D-45B5-834F-69B54AA8B5C0}"
EndProject
Project("{2150E333-8FDC-42A3-9474-1A3956D46DE8}") = "Common", "Common", "{0D13D350-63B2-413C-B2D0-5B44EF72FF17}"
EndProject
Project("{2150E333-8FDC-42A3-9474-1A3956D46DE8}") = "Data", "Data", "{C4CA6CBB-A685-40CC-966A-65C5B8F77513}"
EndProject
Project("{2150E333-8FDC-42A3-9474-1A3956D46DE8}") = "Api", "Api", "{6C39B04B-9C02-4D1D-8F74-4A52EA5DD1F1}"
EndProject
Project("{2150E333-8FDC-42A3-9474-1A3956D46DE8}") = "Client", "Client", "{53584998-A931-4D9E-8A99-5DBFBB776328}"
EndProject
Global
	GlobalSection(SolutionConfigurationPlatforms) = preSolution
		Debug|Any CPU = Debug|Any CPU
		Release|Any CPU = Release|Any CPU
	EndGlobalSection
	GlobalSection(ProjectConfigurationPlatforms) = postSolution
		{4E9A4EF4-E4B0-4BE6-AF49-E4651FFAC7C3}.Debug|Any CPU.ActiveCfg = Debug|Any CPU
		{4E9A4EF4-E4B0-4BE6-AF49-E4651FFAC7C3}.Debug|Any CPU.Build.0 = Debug|Any CPU
		{4E9A4EF4-E4B0-4BE6-AF49-E4651FFAC7C3}.Release|Any CPU.ActiveCfg = Release|Any CPU
		{4E9A4EF4-E4B0-4BE6-AF49-E4651FFAC7C3}.Release|Any CPU.Build.0 = Release|Any CPU
		{7BAFFDBE-018A-450C-A532-701452C60CC6}.Debug|Any CPU.ActiveCfg = Debug|Any CPU
		{7BAFFDBE-018A-450C-A532-701452C60CC6}.Debug|Any CPU.Build.0 = Debug|Any CPU
		{7BAFFDBE-018A-450C-A532-701452C60CC6}.Release|Any CPU.ActiveCfg = Release|Any CPU
		{7BAFFDBE-018A-450C-A532-701452C60CC6}.Release|Any CPU.Build.0 = Release|Any CPU
		{6682357F-95DD-42D5-8596-6923C8971421}.Debug|Any CPU.ActiveCfg = Debug|Any CPU
		{6682357F-95DD-42D5-8596-6923C8971421}.Debug|Any CPU.Build.0 = Debug|Any CPU
		{6682357F-95DD-42D5-8596-6923C8971421}.Release|Any CPU.ActiveCfg = Release|Any CPU
		{6682357F-95DD-42D5-8596-6923C8971421}.Release|Any CPU.Build.0 = Release|Any CPU
		{415DFD93-F70D-4C04-9DBB-7A879FFFBDB0}.Debug|Any CPU.ActiveCfg = Debug|Any CPU
		{415DFD93-F70D-4C04-9DBB-7A879FFFBDB0}.Debug|Any CPU.Build.0 = Debug|Any CPU
		{415DFD93-F70D-4C04-9DBB-7A879FFFBDB0}.Release|Any CPU.ActiveCfg = Release|Any CPU
		{415DFD93-F70D-4C04-9DBB-7A879FFFBDB0}.Release|Any CPU.Build.0 = Release|Any CPU
		{A2C8ED25-874B-4BD7-8FFB-7FD2BB4CBE92}.Debug|Any CPU.ActiveCfg = Debug|Any CPU
		{A2C8ED25-874B-4BD7-8FFB-7FD2BB4CBE92}.Debug|Any CPU.Build.0 = Debug|Any CPU
		{A2C8ED25-874B-4BD7-8FFB-7FD2BB4CBE92}.Release|Any CPU.ActiveCfg = Release|Any CPU
		{A2C8ED25-874B-4BD7-8FFB-7FD2BB4CBE92}.Release|Any CPU.Build.0 = Release|Any CPU
		{D7A1AC38-CF36-4D39-95E4-90CA5EA85F9D}.Debug|Any CPU.ActiveCfg = Debug|Any CPU
		{D7A1AC38-CF36-4D39-95E4-90CA5EA85F9D}.Debug|Any CPU.Build.0 = Debug|Any CPU
		{D7A1AC38-CF36-4D39-95E4-90CA5EA85F9D}.Release|Any CPU.ActiveCfg = Release|Any CPU
		{D7A1AC38-CF36-4D39-95E4-90CA5EA85F9D}.Release|Any CPU.Build.0 = Release|Any CPU
		{999D05C1-22DB-4302-AC9D-84BFAC5A635D}.Debug|Any CPU.ActiveCfg = Debug|Any CPU
		{999D05C1-22DB-4302-AC9D-84BFAC5A635D}.Debug|Any CPU.Build.0 = Debug|Any CPU
		{999D05C1-22DB-4302-AC9D-84BFAC5A635D}.Release|Any CPU.ActiveCfg = Release|Any CPU
		{999D05C1-22DB-4302-AC9D-84BFAC5A635D}.Release|Any CPU.Build.0 = Release|Any CPU
		{EF8F1D9B-E345-4772-AE9C-7D409CED2C54}.Debug|Any CPU.ActiveCfg = Debug|Any CPU
		{EF8F1D9B-E345-4772-AE9C-7D409CED2C54}.Debug|Any CPU.Build.0 = Debug|Any CPU
		{EF8F1D9B-E345-4772-AE9C-7D409CED2C54}.Release|Any CPU.ActiveCfg = Release|Any CPU
		{EF8F1D9B-E345-4772-AE9C-7D409CED2C54}.Release|Any CPU.Build.0 = Release|Any CPU
	EndGlobalSection
	GlobalSection(SolutionProperties) = preSolution
		HideSolutionNode = FALSE
	EndGlobalSection
	GlobalSection(NestedProjects) = preSolution
		{4E9A4EF4-E4B0-4BE6-AF49-E4651FFAC7C3} = {6C39B04B-9C02-4D1D-8F74-4A52EA5DD1F1}
		{7BAFFDBE-018A-450C-A532-701452C60CC6} = {0D13D350-63B2-413C-B2D0-5B44EF72FF17}
		{6682357F-95DD-42D5-8596-6923C8971421} = {EC9206A9-0E1D-45B5-834F-69B54AA8B5C0}
		{415DFD93-F70D-4C04-9DBB-7A879FFFBDB0} = {EC9206A9-0E1D-45B5-834F-69B54AA8B5C0}
		{A2C8ED25-874B-4BD7-8FFB-7FD2BB4CBE92} = {0D13D350-63B2-413C-B2D0-5B44EF72FF17}
		{D7A1AC38-CF36-4D39-95E4-90CA5EA85F9D} = {0D13D350-63B2-413C-B2D0-5B44EF72FF17}
		{999D05C1-22DB-4302-AC9D-84BFAC5A635D} = {C4CA6CBB-A685-40CC-966A-65C5B8F77513}
		{EF8F1D9B-E345-4772-AE9C-7D409CED2C54} = {C4CA6CBB-A685-40CC-966A-65C5B8F77513}
		{EC9206A9-0E1D-45B5-834F-69B54AA8B5C0} = {6C39B04B-9C02-4D1D-8F74-4A52EA5DD1F1}
		{C4CA6CBB-A685-40CC-966A-65C5B8F77513} = {6C39B04B-9C02-4D1D-8F74-4A52EA5DD1F1}
	EndGlobalSection
	GlobalSection(ExtensibilityGlobals) = postSolution
		SolutionGuid = {D466DE9D-62F4-44BD-9C6B-409F7B2065DF}
	EndGlobalSection
EndGlobal
